
Microsoft Visual Studio Solution File, Format Version 12.00
# Visual Studio Version 17
VisualStudioVersion = 17.5.2.0
MinimumVisualStudioVersion = 10.0.40219.1
Project("{FAE04EC0-301F-11D3-BF4B-00C04F79EFBC}") = "MyDemoProject", "MyDemoProject\MyDemoProject.csproj", "{922C0DCD-CC55-A501-5A10-726FC4B6BD90}"
EndProject

Project("{FAE04EC0-301F-11D3-BF4B-00C04F79EFBC}") = "ConsoleApp1", "Test1\ConsoleApp1\ConsoleApp1.csproj", "{1407FA8C-261E-4AC0-94CF-A6B010F9DF49}"
EndProject
Global
	GlobalSection(SolutionConfigurationPlatforms) = preSolution
		Debug|Any CPU = Debug|Any CPU
		Debug|x64 = Debug|x64
		Debug|x86 = Debug|x86
		Release|Any CPU = Release|Any CPU
		Release|x64 = Release|x64
		Release|x86 = Release|x86
	EndGlobalSection
	GlobalSection(ProjectConfigurationPlatforms) = postSolution
		{922C0DCD-CC55-A501-5A10-726FC4B6BD90}.Debug|Any CPU.ActiveCfg = Debug|Any CPU
		{922C0DCD-CC55-A501-5A10-726FC4B6BD90}.Debug|Any CPU.Build.0 = Debug|Any CPU
		{922C0DCD-CC55-A501-5A10-726FC4B6BD90}.Debug|x64.ActiveCfg = Debug|Any CPU
		{922C0DCD-CC55-A501-5A10-726FC4B6BD90}.Debug|x64.Build.0 = Debug|Any CPU
		{922C0DCD-CC55-A501-5A10-726FC4B6BD90}.Debug|x86.ActiveCfg = Debug|Any CPU
		{922C0DCD-CC55-A501-5A10-726FC4B6BD90}.Debug|x86.Build.0 = Debug|Any CPU
		{922C0DCD-CC55-A501-5A10-726FC4B6BD90}.Release|Any CPU.ActiveCfg = Release|Any CPU
		{922C0DCD-CC55-A501-5A10-726FC4B6BD90}.Release|Any CPU.Build.0 = Release|Any CPU
		{922C0DCD-CC55-A501-5A10-726FC4B6BD90}.Release|x64.ActiveCfg = Release|Any CPU
		{922C0DCD-CC55-A501-5A10-726FC4B6BD90}.Release|x64.Build.0 = Release|Any CPU
		{922C0DCD-CC55-A501-5A10-726FC4B6BD90}.Release|x86.ActiveCfg = Release|Any CPU
		{922C0DCD-CC55-A501-5A10-726FC4B6BD90}.Release|x86.Build.0 = Release|Any CPU
		{1407FA8C-261E-4AC0-94CF-A6B010F9DF49}.Debug|Any CPU.ActiveCfg = Debug|Any CPU
		{1407FA8C-261E-4AC0-94CF-A6B010F9DF49}.Debug|Any CPU.Build.0 = Debug|Any CPU
		{1407FA8C-261E-4AC0-94CF-A6B010F9DF49}.Debug|x64.ActiveCfg = Debug|Any CPU
		{1407FA8C-261E-4AC0-94CF-A6B010F9DF49}.Debug|x64.Build.0 = Debug|Any CPU
		{1407FA8C-261E-4AC0-94CF-A6B010F9DF49}.Debug|x86.ActiveCfg = Debug|Any CPU
		{1407FA8C-261E-4AC0-94CF-A6B010F9DF49}.Debug|x86.Build.0 = Debug|Any CPU
		{1407FA8C-261E-4AC0-94CF-A6B010F9DF49}.Release|Any CPU.ActiveCfg = Release|Any CPU
		{1407FA8C-261E-4AC0-94CF-A6B010F9DF49}.Release|Any CPU.Build.0 = Release|Any CPU
		{1407FA8C-261E-4AC0-94CF-A6B010F9DF49}.Release|x64.ActiveCfg = Release|Any CPU
		{1407FA8C-261E-4AC0-94CF-A6B010F9DF49}.Release|x64.Build.0 = Release|Any CPU
		{1407FA8C-261E-4AC0-94CF-A6B010F9DF49}.Release|x86.ActiveCfg = Release|Any CPU
		{1407FA8C-261E-4AC0-94CF-A6B010F9DF49}.Release|x86.Build.0 = Release|Any CPU
	EndGlobalSection
	GlobalSection(SolutionProperties) = preSolution
		HideSolutionNode = FALSE
	EndGlobalSection
	GlobalSection(NestedProjects) = preSolutionEndGlobalSection
	GlobalSection(ExtensibilityGlobals) = postSolution
		SolutionGuid = {C0BD0FCA-2830-4100-B60B-3B1E3CA10492}
	EndGlobalSection
EndGlobal
