
Microsoft Visual Studio Solution File, Format Version 12.00
# Visual Studio Version 17
VisualStudioVersion = 17.5.2.0
MinimumVisualStudioVersion = 10.0.40219.1
Project("{FAE04EC0-301F-11D3-BF4B-00C04F79EFBC}") = "seeBattel2", "seeBattel2\seeBattel2.csproj", "{8BF14E79-2214-4340-92BC-0BEDB78D6B57}"
EndProject
Project("{FAE04EC0-301F-11D3-BF4B-00C04F79EFBC}") = "VendingApp", "VendingApp\VendingApp.csproj", "{9E65CAD4-AF52-47E7-8F10-1187AD9F463B}"
EndProject
Project("{FAE04EC0-301F-11D3-BF4B-00C04F79EFBC}") = "CalcApp", "CalcApp\CalcApp.csproj", "{A46336C3-4766-4322-B3E5-D4B7B8A487D4}"
EndProject
Project("{FAE04EC0-301F-11D3-BF4B-00C04F79EFBC}") = "TaskManager", "TaskManager\TaskManager.csproj", "{BEBBEA99-21D6-481D-B97C-CE9025F4C69B}"
EndProject
Project("{FAE04EC0-301F-11D3-BF4B-00C04F79EFBC}") = "MonstrGame", "MonstrGame\MonstrGame\MonstrGame.csproj", "{A923C65E-FF9D-4CDF-BA7D-3C289B5AD779}"
EndProject
Project("{FAE04EC0-301F-11D3-BF4B-00C04F79EFBC}") = "TreasureDungeon", "TreasureDungeon\TreasureDungeon.csproj", "{3DF1D53A-3BBE-478D-B449-BB47A76A2B90}"
EndProject
Project("{FAE04EC0-301F-11D3-BF4B-00C04F79EFBC}") = "SnakeGame", "SnakeGame\SnakeGame.csproj", "{A10E872C-E010-4341-994F-6279051241DD}"
EndProject
Project("{FAE04EC0-301F-11D3-BF4B-00C04F79EFBC}") = "TreasureCollector", "TreasureCollector\TreasureCollector.csproj", "{77067DC1-3F7F-469A-88B6-A01FC2D0C5C8}"
EndProject
Project("{FAE04EC0-301F-11D3-BF4B-00C04F79EFBC}") = "GtaCar", "GtaCar\GtaCar.csproj", "{501830D4-1B69-4279-9560-D9E6FEEC31A4}"
EndProject
Project("{FAE04EC0-301F-11D3-BF4B-00C04F79EFBC}") = "CityLife", "CityLife\CityLife.csproj", "{6E895184-79E0-4545-A124-BA979A07BA70}"
EndProject
Project("{FAE04EC0-301F-11D3-BF4B-00C04F79EFBC}") = "Banda", "Banda\Banda.csproj", "{93F3FCDF-FC80-4B36-A426-CE610E251999}"
EndProject
Project("{FAE04EC0-301F-11D3-BF4B-00C04F79EFBC}") = "Robbery", "Robbery\Robbery.csproj", "{E2DED646-9A04-48E1-81A0-B4C6E5E241E0}"
EndProject
Project("{FAE04EC0-301F-11D3-BF4B-00C04F79EFBC}") = "Aukcion", "Aukcion\Aukcion.csproj", "{E78B3C75-DBEC-4015-A7E5-A4248A394268}"
EndProject
Project("{FAE04EC0-301F-11D3-BF4B-00C04F79EFBC}") = "Bank", "Bank\Bank.csproj", "{6A92368F-974B-40EF-821F-C37A9031CAAA}"
EndProject
Global
	GlobalSection(SolutionConfigurationPlatforms) = preSolution
		Debug|Any CPU = Debug|Any CPU
		Debug|x64 = Debug|x64
		Debug|x86 = Debug|x86
		Release|Any CPU = Release|Any CPU
		Release|x64 = Release|x64
		Release|x86 = Release|x86
	EndGlobalSection
	GlobalSection(ProjectConfigurationPlatforms) = postSolution
		{8BF14E79-2214-4340-92BC-0BEDB78D6B57}.Debug|Any CPU.ActiveCfg = Debug|Any CPU
		{8BF14E79-2214-4340-92BC-0BEDB78D6B57}.Debug|Any CPU.Build.0 = Debug|Any CPU
		{8BF14E79-2214-4340-92BC-0BEDB78D6B57}.Debug|x64.ActiveCfg = Debug|Any CPU
		{8BF14E79-2214-4340-92BC-0BEDB78D6B57}.Debug|x64.Build.0 = Debug|Any CPU
		{8BF14E79-2214-4340-92BC-0BEDB78D6B57}.Debug|x86.ActiveCfg = Debug|Any CPU
		{8BF14E79-2214-4340-92BC-0BEDB78D6B57}.Debug|x86.Build.0 = Debug|Any CPU
		{8BF14E79-2214-4340-92BC-0BEDB78D6B57}.Release|Any CPU.ActiveCfg = Release|Any CPU
		{8BF14E79-2214-4340-92BC-0BEDB78D6B57}.Release|Any CPU.Build.0 = Release|Any CPU
		{8BF14E79-2214-4340-92BC-0BEDB78D6B57}.Release|x64.ActiveCfg = Release|Any CPU
		{8BF14E79-2214-4340-92BC-0BEDB78D6B57}.Release|x64.Build.0 = Release|Any CPU
		{8BF14E79-2214-4340-92BC-0BEDB78D6B57}.Release|x86.ActiveCfg = Release|Any CPU
		{8BF14E79-2214-4340-92BC-0BEDB78D6B57}.Release|x86.Build.0 = Release|Any CPU
		{9E65CAD4-AF52-47E7-8F10-1187AD9F463B}.Debug|Any CPU.ActiveCfg = Debug|Any CPU
		{9E65CAD4-AF52-47E7-8F10-1187AD9F463B}.Debug|Any CPU.Build.0 = Debug|Any CPU
		{9E65CAD4-AF52-47E7-8F10-1187AD9F463B}.Debug|x64.ActiveCfg = Debug|Any CPU
		{9E65CAD4-AF52-47E7-8F10-1187AD9F463B}.Debug|x64.Build.0 = Debug|Any CPU
		{9E65CAD4-AF52-47E7-8F10-1187AD9F463B}.Debug|x86.ActiveCfg = Debug|Any CPU
		{9E65CAD4-AF52-47E7-8F10-1187AD9F463B}.Debug|x86.Build.0 = Debug|Any CPU
		{9E65CAD4-AF52-47E7-8F10-1187AD9F463B}.Release|Any CPU.ActiveCfg = Release|Any CPU
		{9E65CAD4-AF52-47E7-8F10-1187AD9F463B}.Release|Any CPU.Build.0 = Release|Any CPU
		{9E65CAD4-AF52-47E7-8F10-1187AD9F463B}.Release|x64.ActiveCfg = Release|Any CPU
		{9E65CAD4-AF52-47E7-8F10-1187AD9F463B}.Release|x64.Build.0 = Release|Any CPU
		{9E65CAD4-AF52-47E7-8F10-1187AD9F463B}.Release|x86.ActiveCfg = Release|Any CPU
		{9E65CAD4-AF52-47E7-8F10-1187AD9F463B}.Release|x86.Build.0 = Release|Any CPU
		{A46336C3-4766-4322-B3E5-D4B7B8A487D4}.Debug|Any CPU.ActiveCfg = Debug|Any CPU
		{A46336C3-4766-4322-B3E5-D4B7B8A487D4}.Debug|Any CPU.Build.0 = Debug|Any CPU
		{A46336C3-4766-4322-B3E5-D4B7B8A487D4}.Debug|x64.ActiveCfg = Debug|Any CPU
		{A46336C3-4766-4322-B3E5-D4B7B8A487D4}.Debug|x64.Build.0 = Debug|Any CPU
		{A46336C3-4766-4322-B3E5-D4B7B8A487D4}.Debug|x86.ActiveCfg = Debug|Any CPU
		{A46336C3-4766-4322-B3E5-D4B7B8A487D4}.Debug|x86.Build.0 = Debug|Any CPU
		{A46336C3-4766-4322-B3E5-D4B7B8A487D4}.Release|Any CPU.ActiveCfg = Release|Any CPU
		{A46336C3-4766-4322-B3E5-D4B7B8A487D4}.Release|Any CPU.Build.0 = Release|Any CPU
		{A46336C3-4766-4322-B3E5-D4B7B8A487D4}.Release|x64.ActiveCfg = Release|Any CPU
		{A46336C3-4766-4322-B3E5-D4B7B8A487D4}.Release|x64.Build.0 = Release|Any CPU
		{A46336C3-4766-4322-B3E5-D4B7B8A487D4}.Release|x86.ActiveCfg = Release|Any CPU
		{A46336C3-4766-4322-B3E5-D4B7B8A487D4}.Release|x86.Build.0 = Release|Any CPU
		{BEBBEA99-21D6-481D-B97C-CE9025F4C69B}.Debug|Any CPU.ActiveCfg = Debug|Any CPU
		{BEBBEA99-21D6-481D-B97C-CE9025F4C69B}.Debug|Any CPU.Build.0 = Debug|Any CPU
		{BEBBEA99-21D6-481D-B97C-CE9025F4C69B}.Debug|x64.ActiveCfg = Debug|Any CPU
		{BEBBEA99-21D6-481D-B97C-CE9025F4C69B}.Debug|x64.Build.0 = Debug|Any CPU
		{BEBBEA99-21D6-481D-B97C-CE9025F4C69B}.Debug|x86.ActiveCfg = Debug|Any CPU
		{BEBBEA99-21D6-481D-B97C-CE9025F4C69B}.Debug|x86.Build.0 = Debug|Any CPU
		{BEBBEA99-21D6-481D-B97C-CE9025F4C69B}.Release|Any CPU.ActiveCfg = Release|Any CPU
		{BEBBEA99-21D6-481D-B97C-CE9025F4C69B}.Release|Any CPU.Build.0 = Release|Any CPU
		{BEBBEA99-21D6-481D-B97C-CE9025F4C69B}.Release|x64.ActiveCfg = Release|Any CPU
		{BEBBEA99-21D6-481D-B97C-CE9025F4C69B}.Release|x64.Build.0 = Release|Any CPU
		{BEBBEA99-21D6-481D-B97C-CE9025F4C69B}.Release|x86.ActiveCfg = Release|Any CPU
		{BEBBEA99-21D6-481D-B97C-CE9025F4C69B}.Release|x86.Build.0 = Release|Any CPU
	
		{A923C65E-FF9D-4CDF-BA7D-3C289B5AD779}.Debug|Any CPU.ActiveCfg = Debug|Any CPU
		{A923C65E-FF9D-4CDF-BA7D-3C289B5AD779}.Debug|Any CPU.Build.0 = Debug|Any CPU
		{A923C65E-FF9D-4CDF-BA7D-3C289B5AD779}.Release|Any CPU.ActiveCfg = Release|Any CPU
		{A923C65E-FF9D-4CDF-BA7D-3C289B5AD779}.Release|Any CPU.Build.0 = Release|Any CPU
		{3DF1D53A-3BBE-478D-B449-BB47A76A2B90}.Debug|Any CPU.ActiveCfg = Debug|Any CPU
		{3DF1D53A-3BBE-478D-B449-BB47A76A2B90}.Debug|Any CPU.Build.0 = Debug|Any CPU
		{3DF1D53A-3BBE-478D-B449-BB47A76A2B90}.Release|Any CPU.ActiveCfg = Release|Any CPU
		{3DF1D53A-3BBE-478D-B449-BB47A76A2B90}.Release|Any CPU.Build.0 = Release|Any CPU
		{A10E872C-E010-4341-994F-6279051241DD}.Debug|Any CPU.ActiveCfg = Debug|Any CPU
		{A10E872C-E010-4341-994F-6279051241DD}.Debug|Any CPU.Build.0 = Debug|Any CPU
		{A10E872C-E010-4341-994F-6279051241DD}.Release|Any CPU.ActiveCfg = Release|Any CPU
		{A10E872C-E010-4341-994F-6279051241DD}.Release|Any CPU.Build.0 = Release|Any CPU
		{77067DC1-3F7F-469A-88B6-A01FC2D0C5C8}.Debug|Any CPU.ActiveCfg = Debug|Any CPU
		{77067DC1-3F7F-469A-88B6-A01FC2D0C5C8}.Debug|Any CPU.Build.0 = Debug|Any CPU
		{77067DC1-3F7F-469A-88B6-A01FC2D0C5C8}.Release|Any CPU.ActiveCfg = Release|Any CPU
		{77067DC1-3F7F-469A-88B6-A01FC2D0C5C8}.Release|Any CPU.Build.0 = Release|Any CPU
		{501830D4-1B69-4279-9560-D9E6FEEC31A4}.Debug|Any CPU.ActiveCfg = Debug|Any CPU
		{501830D4-1B69-4279-9560-D9E6FEEC31A4}.Debug|Any CPU.Build.0 = Debug|Any CPU
		{501830D4-1B69-4279-9560-D9E6FEEC31A4}.Release|Any CPU.ActiveCfg = Release|Any CPU
		{501830D4-1B69-4279-9560-D9E6FEEC31A4}.Release|Any CPU.Build.0 = Release|Any CPU
		{6E895184-79E0-4545-A124-BA979A07BA70}.Debug|Any CPU.ActiveCfg = Debug|Any CPU
		{6E895184-79E0-4545-A124-BA979A07BA70}.Debug|Any CPU.Build.0 = Debug|Any CPU
		{6E895184-79E0-4545-A124-BA979A07BA70}.Release|Any CPU.ActiveCfg = Release|Any CPU
		{6E895184-79E0-4545-A124-BA979A07BA70}.Release|Any CPU.Build.0 = Release|Any CPU
		{93F3FCDF-FC80-4B36-A426-CE610E251999}.Debug|Any CPU.ActiveCfg = Debug|Any CPU
		{93F3FCDF-FC80-4B36-A426-CE610E251999}.Debug|Any CPU.Build.0 = Debug|Any CPU
		{93F3FCDF-FC80-4B36-A426-CE610E251999}.Release|Any CPU.ActiveCfg = Release|Any CPU
		{93F3FCDF-FC80-4B36-A426-CE610E251999}.Release|Any CPU.Build.0 = Release|Any CPU
		{E2DED646-9A04-48E1-81A0-B4C6E5E241E0}.Debug|Any CPU.ActiveCfg = Debug|Any CPU
		{E2DED646-9A04-48E1-81A0-B4C6E5E241E0}.Debug|Any CPU.Build.0 = Debug|Any CPU
		{E2DED646-9A04-48E1-81A0-B4C6E5E241E0}.Release|Any CPU.ActiveCfg = Release|Any CPU
		{E2DED646-9A04-48E1-81A0-B4C6E5E241E0}.Release|Any CPU.Build.0 = Release|Any CPU
		{E78B3C75-DBEC-4015-A7E5-A4248A394268}.Debug|Any CPU.ActiveCfg = Debug|Any CPU
		{E78B3C75-DBEC-4015-A7E5-A4248A394268}.Debug|Any CPU.Build.0 = Debug|Any CPU
		{E78B3C75-DBEC-4015-A7E5-A4248A394268}.Release|Any CPU.ActiveCfg = Release|Any CPU
		{E78B3C75-DBEC-4015-A7E5-A4248A394268}.Release|Any CPU.Build.0 = Release|Any CPU
		{6A92368F-974B-40EF-821F-C37A9031CAAA}.Debug|Any CPU.ActiveCfg = Debug|Any CPU
		{6A92368F-974B-40EF-821F-C37A9031CAAA}.Debug|Any CPU.Build.0 = Debug|Any CPU
		{6A92368F-974B-40EF-821F-C37A9031CAAA}.Release|Any CPU.ActiveCfg = Release|Any CPU
		{6A92368F-974B-40EF-821F-C37A9031CAAA}.Release|Any CPU.Build.0 = Release|Any CPUEndGlobalSection
	GlobalSection(SolutionProperties) = preSolution
		HideSolutionNode = FALSE
	EndGlobalSection
	GlobalSection(ExtensibilityGlobals) = postSolution
		SolutionGuid = {C0BD0FCA-2830-4100-B60B-3B1E3CA10492}
	EndGlobalSection
EndGlobal
